// !$*UTF8*$!
{
	archiveVersion = 1;
	classes = {
	};
	objectVersion = 48;
	objects = {

/* Begin PBXBuildFile section */
		1A09987F1EF1C9BC00381388 /* AddDownloadController.swift in Sources */ = {isa = PBXBuildFile; fileRef = 1A09987E1EF1C9BC00381388 /* AddDownloadController.swift */; };
		1A568BFB1EE8602C00336FE1 /* AppDelegate.swift in Sources */ = {isa = PBXBuildFile; fileRef = 1A568BFA1EE8602C00336FE1 /* AppDelegate.swift */; };
		1A568BFD1EE8602C00336FE1 /* DownloadController.swift in Sources */ = {isa = PBXBuildFile; fileRef = 1A568BFC1EE8602C00336FE1 /* DownloadController.swift */; };
		1A568C001EE8602C00336FE1 /* Main.storyboard in Resources */ = {isa = PBXBuildFile; fileRef = 1A568BFE1EE8602C00336FE1 /* Main.storyboard */; };
		1A568C021EE8602C00336FE1 /* Assets.xcassets in Resources */ = {isa = PBXBuildFile; fileRef = 1A568C011EE8602C00336FE1 /* Assets.xcassets */; };
		1A568C051EE8602C00336FE1 /* LaunchScreen.storyboard in Resources */ = {isa = PBXBuildFile; fileRef = 1A568C031EE8602C00336FE1 /* LaunchScreen.storyboard */; };
		1A568C101EE8602C00336FE1 /* DownloadsTests.swift in Sources */ = {isa = PBXBuildFile; fileRef = 1A568C0F1EE8602C00336FE1 /* DownloadsTests.swift */; };
		1A568C1B1EE8602C00336FE1 /* DownloadsUITests.swift in Sources */ = {isa = PBXBuildFile; fileRef = 1A568C1A1EE8602C00336FE1 /* DownloadsUITests.swift */; };
		1A71824D1EF07EC600EB7B97 /* DownloadedFileManager.swift in Sources */ = {isa = PBXBuildFile; fileRef = 1A71824C1EF07EC600EB7B97 /* DownloadedFileManager.swift */; };
		1A75A3A01EF44E0A002B9663 /* ActionRequestHandler.swift in Sources */ = {isa = PBXBuildFile; fileRef = 1A75A39F1EF44E0A002B9663 /* ActionRequestHandler.swift */; };
		1A75A3A21EF44E0A002B9663 /* Action.js in Resources */ = {isa = PBXBuildFile; fileRef = 1A75A3A11EF44E0A002B9663 /* Action.js */; };
		1A75A3A61EF44E0A002B9663 /* Download.appex in Embed App Extensions */ = {isa = PBXBuildFile; fileRef = 1A75A39D1EF44E0A002B9663 /* Download.appex */; settings = {ATTRIBUTES = (RemoveHeadersOnCopy, ); }; };
		1A75A3AD1EF4636C002B9663 /* Assets.xcassets in Resources */ = {isa = PBXBuildFile; fileRef = 1A75A3AC1EF4636C002B9663 /* Assets.xcassets */; };
		1A82AE961EEB47B20007E34B /* FileCell.swift in Sources */ = {isa = PBXBuildFile; fileRef = 1A82AE951EEB47B20007E34B /* FileCell.swift */; };
		1A85FA361EE9D945002F84BD /* DownloadManager.swift in Sources */ = {isa = PBXBuildFile; fileRef = 1A85FA351EE9D945002F84BD /* DownloadManager.swift */; };
		1A85FA381EE9D9AD002F84BD /* DownloadCell.swift in Sources */ = {isa = PBXBuildFile; fileRef = 1A85FA371EE9D9AC002F84BD /* DownloadCell.swift */; };
		1A85FA421EE9DAFD002F84BD /* Additions.framework in Frameworks */ = {isa = PBXBuildFile; fileRef = 1A85FA3F1EE9DAF8002F84BD /* Additions.framework */; };
		1A85FA431EE9DAFD002F84BD /* Additions.framework in Embed Frameworks */ = {isa = PBXBuildFile; fileRef = 1A85FA3F1EE9DAF8002F84BD /* Additions.framework */; settings = {ATTRIBUTES = (CodeSignOnCopy, RemoveHeadersOnCopy, ); }; };
		1ABFE5301EF1420100D053BF /* Reusables.swift in Sources */ = {isa = PBXBuildFile; fileRef = 1ABFE52F1EF1420100D053BF /* Reusables.swift */; };
/* End PBXBuildFile section */

/* Begin PBXContainerItemProxy section */
		1A568C0C1EE8602C00336FE1 /* PBXContainerItemProxy */ = {
			isa = PBXContainerItemProxy;
			containerPortal = 1A568BEF1EE8602C00336FE1 /* Project object */;
			proxyType = 1;
			remoteGlobalIDString = 1A568BF61EE8602C00336FE1;
			remoteInfo = Downloads;
		};
		1A568C171EE8602C00336FE1 /* PBXContainerItemProxy */ = {
			isa = PBXContainerItemProxy;
			containerPortal = 1A568BEF1EE8602C00336FE1 /* Project object */;
			proxyType = 1;
			remoteGlobalIDString = 1A568BF61EE8602C00336FE1;
			remoteInfo = Downloads;
		};
		1A75A3A41EF44E0A002B9663 /* PBXContainerItemProxy */ = {
			isa = PBXContainerItemProxy;
			containerPortal = 1A568BEF1EE8602C00336FE1 /* Project object */;
			proxyType = 1;
			remoteGlobalIDString = 1A75A39C1EF44E0A002B9663;
			remoteInfo = Download;
		};
		1A85FA3E1EE9DAF8002F84BD /* PBXContainerItemProxy */ = {
			isa = PBXContainerItemProxy;
			containerPortal = 1A85FA391EE9DAF7002F84BD /* Additions.xcodeproj */;
			proxyType = 2;
			remoteGlobalIDString = "_____Product_Additions";
			remoteInfo = Additions;
		};
		1A85FA401EE9DAF8002F84BD /* PBXContainerItemProxy */ = {
			isa = PBXContainerItemProxy;
			containerPortal = 1A85FA391EE9DAF7002F84BD /* Additions.xcodeproj */;
			proxyType = 2;
			remoteGlobalIDString = 1A5BD3361E5BBA2300B4DF8C;
			remoteInfo = AdditionsTests;
		};
		1A85FA441EE9DAFD002F84BD /* PBXContainerItemProxy */ = {
			isa = PBXContainerItemProxy;
			containerPortal = 1A85FA391EE9DAF7002F84BD /* Additions.xcodeproj */;
			proxyType = 1;
			remoteGlobalIDString = "______Target_Additions";
			remoteInfo = Additions;
		};
/* End PBXContainerItemProxy section */

/* Begin PBXCopyFilesBuildPhase section */
		1A75A3961EF44D34002B9663 /* Embed App Extensions */ = {
			isa = PBXCopyFilesBuildPhase;
			buildActionMask = 2147483647;
			dstPath = "";
			dstSubfolderSpec = 13;
			files = (
				1A75A3A61EF44E0A002B9663 /* Download.appex in Embed App Extensions */,
			);
			name = "Embed App Extensions";
			runOnlyForDeploymentPostprocessing = 0;
		};
		1A85FA461EE9DAFD002F84BD /* Embed Frameworks */ = {
			isa = PBXCopyFilesBuildPhase;
			buildActionMask = 2147483647;
			dstPath = "";
			dstSubfolderSpec = 10;
			files = (
				1A85FA431EE9DAFD002F84BD /* Additions.framework in Embed Frameworks */,
			);
			name = "Embed Frameworks";
			runOnlyForDeploymentPostprocessing = 0;
		};
/* End PBXCopyFilesBuildPhase section */

/* Begin PBXFileReference section */
		1A09987E1EF1C9BC00381388 /* AddDownloadController.swift */ = {isa = PBXFileReference; lastKnownFileType = sourcecode.swift; path = AddDownloadController.swift; sourceTree = "<group>"; };
		1A568BF71EE8602C00336FE1 /* Downloads.app */ = {isa = PBXFileReference; explicitFileType = wrapper.application; includeInIndex = 0; path = Downloads.app; sourceTree = BUILT_PRODUCTS_DIR; };
		1A568BFA1EE8602C00336FE1 /* AppDelegate.swift */ = {isa = PBXFileReference; lastKnownFileType = sourcecode.swift; path = AppDelegate.swift; sourceTree = "<group>"; };
		1A568BFC1EE8602C00336FE1 /* DownloadController.swift */ = {isa = PBXFileReference; lastKnownFileType = sourcecode.swift; path = DownloadController.swift; sourceTree = "<group>"; };
		1A568BFF1EE8602C00336FE1 /* Base */ = {isa = PBXFileReference; lastKnownFileType = file.storyboard; name = Base; path = Base.lproj/Main.storyboard; sourceTree = "<group>"; };
		1A568C011EE8602C00336FE1 /* Assets.xcassets */ = {isa = PBXFileReference; lastKnownFileType = folder.assetcatalog; path = Assets.xcassets; sourceTree = "<group>"; };
		1A568C041EE8602C00336FE1 /* Base */ = {isa = PBXFileReference; lastKnownFileType = file.storyboard; name = Base; path = Base.lproj/LaunchScreen.storyboard; sourceTree = "<group>"; };
		1A568C061EE8602C00336FE1 /* Info.plist */ = {isa = PBXFileReference; lastKnownFileType = text.plist.xml; path = Info.plist; sourceTree = "<group>"; };
		1A568C0B1EE8602C00336FE1 /* DownloadsTests.xctest */ = {isa = PBXFileReference; explicitFileType = wrapper.cfbundle; includeInIndex = 0; path = DownloadsTests.xctest; sourceTree = BUILT_PRODUCTS_DIR; };
		1A568C0F1EE8602C00336FE1 /* DownloadsTests.swift */ = {isa = PBXFileReference; lastKnownFileType = sourcecode.swift; path = DownloadsTests.swift; sourceTree = "<group>"; };
		1A568C111EE8602C00336FE1 /* Info.plist */ = {isa = PBXFileReference; lastKnownFileType = text.plist.xml; path = Info.plist; sourceTree = "<group>"; };
		1A568C161EE8602C00336FE1 /* DownloadsUITests.xctest */ = {isa = PBXFileReference; explicitFileType = wrapper.cfbundle; includeInIndex = 0; path = DownloadsUITests.xctest; sourceTree = BUILT_PRODUCTS_DIR; };
		1A568C1A1EE8602C00336FE1 /* DownloadsUITests.swift */ = {isa = PBXFileReference; lastKnownFileType = sourcecode.swift; path = DownloadsUITests.swift; sourceTree = "<group>"; };
		1A568C1C1EE8602C00336FE1 /* Info.plist */ = {isa = PBXFileReference; lastKnownFileType = text.plist.xml; path = Info.plist; sourceTree = "<group>"; };
		1A71824C1EF07EC600EB7B97 /* DownloadedFileManager.swift */ = {isa = PBXFileReference; lastKnownFileType = sourcecode.swift; path = DownloadedFileManager.swift; sourceTree = "<group>"; };
		1A75A39D1EF44E0A002B9663 /* Download.appex */ = {isa = PBXFileReference; explicitFileType = "wrapper.app-extension"; includeInIndex = 0; path = Download.appex; sourceTree = BUILT_PRODUCTS_DIR; };
		1A75A39F1EF44E0A002B9663 /* ActionRequestHandler.swift */ = {isa = PBXFileReference; lastKnownFileType = sourcecode.swift; path = ActionRequestHandler.swift; sourceTree = "<group>"; };
		1A75A3A11EF44E0A002B9663 /* Action.js */ = {isa = PBXFileReference; lastKnownFileType = sourcecode.javascript; path = Action.js; sourceTree = "<group>"; };
		1A75A3A31EF44E0A002B9663 /* Info.plist */ = {isa = PBXFileReference; lastKnownFileType = text.plist.xml; path = Info.plist; sourceTree = "<group>"; };
		1A75A3AC1EF4636C002B9663 /* Assets.xcassets */ = {isa = PBXFileReference; lastKnownFileType = folder.assetcatalog; path = Assets.xcassets; sourceTree = "<group>"; };
		1A82AE951EEB47B20007E34B /* FileCell.swift */ = {isa = PBXFileReference; lastKnownFileType = sourcecode.swift; path = FileCell.swift; sourceTree = "<group>"; };
		1A85FA351EE9D945002F84BD /* DownloadManager.swift */ = {isa = PBXFileReference; lastKnownFileType = sourcecode.swift; path = DownloadManager.swift; sourceTree = "<group>"; };
		1A85FA371EE9D9AC002F84BD /* DownloadCell.swift */ = {isa = PBXFileReference; lastKnownFileType = sourcecode.swift; path = DownloadCell.swift; sourceTree = "<group>"; };
		1A85FA391EE9DAF7002F84BD /* Additions.xcodeproj */ = {isa = PBXFileReference; lastKnownFileType = "wrapper.pb-project"; name = Additions.xcodeproj; path = "../../Frameworks/StandardAdditions 2.0/Additions.xcodeproj"; sourceTree = "<group>"; };
		1ABFE52F1EF1420100D053BF /* Reusables.swift */ = {isa = PBXFileReference; lastKnownFileType = sourcecode.swift; path = Reusables.swift; sourceTree = "<group>"; };
		1AD978A71F742A2200CC31F1 /* Downloads.entitlements */ = {isa = PBXFileReference; lastKnownFileType = text.plist.entitlements; path = Downloads.entitlements; sourceTree = "<group>"; };
/* End PBXFileReference section */

/* Begin PBXFrameworksBuildPhase section */
		1A568BF41EE8602C00336FE1 /* Frameworks */ = {
			isa = PBXFrameworksBuildPhase;
			buildActionMask = 2147483647;
			files = (
				1A85FA421EE9DAFD002F84BD /* Additions.framework in Frameworks */,
			);
			runOnlyForDeploymentPostprocessing = 0;
		};
		1A568C081EE8602C00336FE1 /* Frameworks */ = {
			isa = PBXFrameworksBuildPhase;
			buildActionMask = 2147483647;
			files = (
			);
			runOnlyForDeploymentPostprocessing = 0;
		};
		1A568C131EE8602C00336FE1 /* Frameworks */ = {
			isa = PBXFrameworksBuildPhase;
			buildActionMask = 2147483647;
			files = (
			);
			runOnlyForDeploymentPostprocessing = 0;
		};
		1A75A39A1EF44E0A002B9663 /* Frameworks */ = {
			isa = PBXFrameworksBuildPhase;
			buildActionMask = 2147483647;
			files = (
			);
			runOnlyForDeploymentPostprocessing = 0;
		};
/* End PBXFrameworksBuildPhase section */

/* Begin PBXGroup section */
		1A568BEE1EE8602C00336FE1 = {
			isa = PBXGroup;
			children = (
				1A85FA391EE9DAF7002F84BD /* Additions.xcodeproj */,
				1A568BF91EE8602C00336FE1 /* Downloads */,
				1A568C0E1EE8602C00336FE1 /* DownloadsTests */,
				1A568C191EE8602C00336FE1 /* DownloadsUITests */,
				1A75A39E1EF44E0A002B9663 /* Download */,
				1A568BF81EE8602C00336FE1 /* Products */,
			);
			sourceTree = "<group>";
		};
		1A568BF81EE8602C00336FE1 /* Products */ = {
			isa = PBXGroup;
			children = (
				1A568BF71EE8602C00336FE1 /* Downloads.app */,
				1A568C0B1EE8602C00336FE1 /* DownloadsTests.xctest */,
				1A568C161EE8602C00336FE1 /* DownloadsUITests.xctest */,
				1A75A39D1EF44E0A002B9663 /* Download.appex */,
			);
			name = Products;
			sourceTree = "<group>";
		};
		1A568BF91EE8602C00336FE1 /* Downloads */ = {
			isa = PBXGroup;
			children = (
				1AD978A71F742A2200CC31F1 /* Downloads.entitlements */,
				1A568BFA1EE8602C00336FE1 /* AppDelegate.swift */,
				1ABFE52F1EF1420100D053BF /* Reusables.swift */,
				1A85FA351EE9D945002F84BD /* DownloadManager.swift */,
				1A71824C1EF07EC600EB7B97 /* DownloadedFileManager.swift */,
				1A568BFC1EE8602C00336FE1 /* DownloadController.swift */,
				1A09987E1EF1C9BC00381388 /* AddDownloadController.swift */,
				1A85FA371EE9D9AC002F84BD /* DownloadCell.swift */,
				1A82AE951EEB47B20007E34B /* FileCell.swift */,
				1A568BFE1EE8602C00336FE1 /* Main.storyboard */,
				1A568C011EE8602C00336FE1 /* Assets.xcassets */,
				1A568C031EE8602C00336FE1 /* LaunchScreen.storyboard */,
				1A568C061EE8602C00336FE1 /* Info.plist */,
			);
			path = Downloads;
			sourceTree = "<group>";
		};
		1A568C0E1EE8602C00336FE1 /* DownloadsTests */ = {
			isa = PBXGroup;
			children = (
				1A568C0F1EE8602C00336FE1 /* DownloadsTests.swift */,
				1A568C111EE8602C00336FE1 /* Info.plist */,
			);
			path = DownloadsTests;
			sourceTree = "<group>";
		};
		1A568C191EE8602C00336FE1 /* DownloadsUITests */ = {
			isa = PBXGroup;
			children = (
				1A568C1A1EE8602C00336FE1 /* DownloadsUITests.swift */,
				1A568C1C1EE8602C00336FE1 /* Info.plist */,
			);
			path = DownloadsUITests;
			sourceTree = "<group>";
		};
		1A75A39E1EF44E0A002B9663 /* Download */ = {
			isa = PBXGroup;
			children = (
				1A75A39F1EF44E0A002B9663 /* ActionRequestHandler.swift */,
				1A75A3A11EF44E0A002B9663 /* Action.js */,
				1A75A3AC1EF4636C002B9663 /* Assets.xcassets */,
				1A75A3A31EF44E0A002B9663 /* Info.plist */,
			);
			path = Download;
			sourceTree = "<group>";
		};
		1A85FA3A1EE9DAF7002F84BD /* Products */ = {
			isa = PBXGroup;
			children = (
				1A85FA3F1EE9DAF8002F84BD /* Additions.framework */,
				1A85FA411EE9DAF8002F84BD /* AdditionsTests.xctest */,
			);
			name = Products;
			sourceTree = "<group>";
		};
/* End PBXGroup section */

/* Begin PBXNativeTarget section */
		1A568BF61EE8602C00336FE1 /* Downloads */ = {
			isa = PBXNativeTarget;
			buildConfigurationList = 1A568C1F1EE8602C00336FE1 /* Build configuration list for PBXNativeTarget "Downloads" */;
			buildPhases = (
				1A568BF31EE8602C00336FE1 /* Sources */,
				1A568BF41EE8602C00336FE1 /* Frameworks */,
				1A568BF51EE8602C00336FE1 /* Resources */,
				1A85FA461EE9DAFD002F84BD /* Embed Frameworks */,
				1A75A3961EF44D34002B9663 /* Embed App Extensions */,
			);
			buildRules = (
			);
			dependencies = (
				1A85FA451EE9DAFD002F84BD /* PBXTargetDependency */,
				1A75A3A51EF44E0A002B9663 /* PBXTargetDependency */,
			);
			name = Downloads;
			productName = Downloads;
			productReference = 1A568BF71EE8602C00336FE1 /* Downloads.app */;
			productType = "com.apple.product-type.application";
		};
		1A568C0A1EE8602C00336FE1 /* DownloadsTests */ = {
			isa = PBXNativeTarget;
			buildConfigurationList = 1A568C221EE8602C00336FE1 /* Build configuration list for PBXNativeTarget "DownloadsTests" */;
			buildPhases = (
				1A568C071EE8602C00336FE1 /* Sources */,
				1A568C081EE8602C00336FE1 /* Frameworks */,
				1A568C091EE8602C00336FE1 /* Resources */,
			);
			buildRules = (
			);
			dependencies = (
				1A568C0D1EE8602C00336FE1 /* PBXTargetDependency */,
			);
			name = DownloadsTests;
			productName = DownloadsTests;
			productReference = 1A568C0B1EE8602C00336FE1 /* DownloadsTests.xctest */;
			productType = "com.apple.product-type.bundle.unit-test";
		};
		1A568C151EE8602C00336FE1 /* DownloadsUITests */ = {
			isa = PBXNativeTarget;
			buildConfigurationList = 1A568C251EE8602C00336FE1 /* Build configuration list for PBXNativeTarget "DownloadsUITests" */;
			buildPhases = (
				1A568C121EE8602C00336FE1 /* Sources */,
				1A568C131EE8602C00336FE1 /* Frameworks */,
				1A568C141EE8602C00336FE1 /* Resources */,
			);
			buildRules = (
			);
			dependencies = (
				1A568C181EE8602C00336FE1 /* PBXTargetDependency */,
			);
			name = DownloadsUITests;
			productName = DownloadsUITests;
			productReference = 1A568C161EE8602C00336FE1 /* DownloadsUITests.xctest */;
			productType = "com.apple.product-type.bundle.ui-testing";
		};
		1A75A39C1EF44E0A002B9663 /* Download */ = {
			isa = PBXNativeTarget;
			buildConfigurationList = 1A75A3A71EF44E0A002B9663 /* Build configuration list for PBXNativeTarget "Download" */;
			buildPhases = (
				1A75A3991EF44E0A002B9663 /* Sources */,
				1A75A39A1EF44E0A002B9663 /* Frameworks */,
				1A75A39B1EF44E0A002B9663 /* Resources */,
			);
			buildRules = (
			);
			dependencies = (
			);
			name = Download;
			productName = Download;
			productReference = 1A75A39D1EF44E0A002B9663 /* Download.appex */;
			productType = "com.apple.product-type.app-extension";
		};
/* End PBXNativeTarget section */

/* Begin PBXProject section */
		1A568BEF1EE8602C00336FE1 /* Project object */ = {
			isa = PBXProject;
			attributes = {
				LastSwiftUpdateCheck = 0900;
				LastUpgradeCheck = 0930;
				ORGANIZATIONNAME = "James Froggatt";
				TargetAttributes = {
					1A568BF61EE8602C00336FE1 = {
						CreatedOnToolsVersion = 9.0;
						LastSwiftMigration = 1000;
						SystemCapabilities = {
							com.apple.BackgroundModes = {
								enabled = 0;
							};
							com.apple.iCloud = {
								enabled = 0;
							};
						};
					};
					1A568C0A1EE8602C00336FE1 = {
						CreatedOnToolsVersion = 9.0;
						TestTargetID = 1A568BF61EE8602C00336FE1;
					};
					1A568C151EE8602C00336FE1 = {
						CreatedOnToolsVersion = 9.0;
						TestTargetID = 1A568BF61EE8602C00336FE1;
					};
					1A75A39C1EF44E0A002B9663 = {
						CreatedOnToolsVersion = 9.0;
						LastSwiftMigration = 1000;
					};
				};
			};
			buildConfigurationList = 1A568BF21EE8602C00336FE1 /* Build configuration list for PBXProject "Downloads" */;
			compatibilityVersion = "Xcode 8.0";
			developmentRegion = en;
			hasScannedForEncodings = 0;
			knownRegions = (
				en,
				Base,
			);
			mainGroup = 1A568BEE1EE8602C00336FE1;
			productRefGroup = 1A568BF81EE8602C00336FE1 /* Products */;
			projectDirPath = "";
			projectReferences = (
				{
					ProductGroup = 1A85FA3A1EE9DAF7002F84BD /* Products */;
					ProjectRef = 1A85FA391EE9DAF7002F84BD /* Additions.xcodeproj */;
				},
			);
			projectRoot = "";
			targets = (
				1A568BF61EE8602C00336FE1 /* Downloads */,
				1A568C0A1EE8602C00336FE1 /* DownloadsTests */,
				1A568C151EE8602C00336FE1 /* DownloadsUITests */,
				1A75A39C1EF44E0A002B9663 /* Download */,
			);
		};
/* End PBXProject section */

/* Begin PBXReferenceProxy section */
		1A85FA3F1EE9DAF8002F84BD /* Additions.framework */ = {
			isa = PBXReferenceProxy;
			fileType = wrapper.framework;
			path = Additions.framework;
			remoteRef = 1A85FA3E1EE9DAF8002F84BD /* PBXContainerItemProxy */;
			sourceTree = BUILT_PRODUCTS_DIR;
		};
		1A85FA411EE9DAF8002F84BD /* AdditionsTests.xctest */ = {
			isa = PBXReferenceProxy;
			fileType = wrapper.cfbundle;
			path = AdditionsTests.xctest;
			remoteRef = 1A85FA401EE9DAF8002F84BD /* PBXContainerItemProxy */;
			sourceTree = BUILT_PRODUCTS_DIR;
		};
/* End PBXReferenceProxy section */

/* Begin PBXResourcesBuildPhase section */
		1A568BF51EE8602C00336FE1 /* Resources */ = {
			isa = PBXResourcesBuildPhase;
			buildActionMask = 2147483647;
			files = (
				1A568C051EE8602C00336FE1 /* LaunchScreen.storyboard in Resources */,
				1A568C021EE8602C00336FE1 /* Assets.xcassets in Resources */,
				1A568C001EE8602C00336FE1 /* Main.storyboard in Resources */,
			);
			runOnlyForDeploymentPostprocessing = 0;
		};
		1A568C091EE8602C00336FE1 /* Resources */ = {
			isa = PBXResourcesBuildPhase;
			buildActionMask = 2147483647;
			files = (
			);
			runOnlyForDeploymentPostprocessing = 0;
		};
		1A568C141EE8602C00336FE1 /* Resources */ = {
			isa = PBXResourcesBuildPhase;
			buildActionMask = 2147483647;
			files = (
			);
			runOnlyForDeploymentPostprocessing = 0;
		};
		1A75A39B1EF44E0A002B9663 /* Resources */ = {
			isa = PBXResourcesBuildPhase;
			buildActionMask = 2147483647;
			files = (
				1A75A3AD1EF4636C002B9663 /* Assets.xcassets in Resources */,
				1A75A3A21EF44E0A002B9663 /* Action.js in Resources */,
			);
			runOnlyForDeploymentPostprocessing = 0;
		};
/* End PBXResourcesBuildPhase section */

/* Begin PBXSourcesBuildPhase section */
		1A568BF31EE8602C00336FE1 /* Sources */ = {
			isa = PBXSourcesBuildPhase;
			buildActionMask = 2147483647;
			files = (
				1A568BFD1EE8602C00336FE1 /* DownloadController.swift in Sources */,
				1A568BFB1EE8602C00336FE1 /* AppDelegate.swift in Sources */,
				1A82AE961EEB47B20007E34B /* FileCell.swift in Sources */,
				1A85FA381EE9D9AD002F84BD /* DownloadCell.swift in Sources */,
				1ABFE5301EF1420100D053BF /* Reusables.swift in Sources */,
				1A85FA361EE9D945002F84BD /* DownloadManager.swift in Sources */,
				1A09987F1EF1C9BC00381388 /* AddDownloadController.swift in Sources */,
				1A71824D1EF07EC600EB7B97 /* DownloadedFileManager.swift in Sources */,
			);
			runOnlyForDeploymentPostprocessing = 0;
		};
		1A568C071EE8602C00336FE1 /* Sources */ = {
			isa = PBXSourcesBuildPhase;
			buildActionMask = 2147483647;
			files = (
				1A568C101EE8602C00336FE1 /* DownloadsTests.swift in Sources */,
			);
			runOnlyForDeploymentPostprocessing = 0;
		};
		1A568C121EE8602C00336FE1 /* Sources */ = {
			isa = PBXSourcesBuildPhase;
			buildActionMask = 2147483647;
			files = (
				1A568C1B1EE8602C00336FE1 /* DownloadsUITests.swift in Sources */,
			);
			runOnlyForDeploymentPostprocessing = 0;
		};
		1A75A3991EF44E0A002B9663 /* Sources */ = {
			isa = PBXSourcesBuildPhase;
			buildActionMask = 2147483647;
			files = (
				1A75A3A01EF44E0A002B9663 /* ActionRequestHandler.swift in Sources */,
			);
			runOnlyForDeploymentPostprocessing = 0;
		};
/* End PBXSourcesBuildPhase section */

/* Begin PBXTargetDependency section */
		1A568C0D1EE8602C00336FE1 /* PBXTargetDependency */ = {
			isa = PBXTargetDependency;
			target = 1A568BF61EE8602C00336FE1 /* Downloads */;
			targetProxy = 1A568C0C1EE8602C00336FE1 /* PBXContainerItemProxy */;
		};
		1A568C181EE8602C00336FE1 /* PBXTargetDependency */ = {
			isa = PBXTargetDependency;
			target = 1A568BF61EE8602C00336FE1 /* Downloads */;
			targetProxy = 1A568C171EE8602C00336FE1 /* PBXContainerItemProxy */;
		};
		1A75A3A51EF44E0A002B9663 /* PBXTargetDependency */ = {
			isa = PBXTargetDependency;
			target = 1A75A39C1EF44E0A002B9663 /* Download */;
			targetProxy = 1A75A3A41EF44E0A002B9663 /* PBXContainerItemProxy */;
		};
		1A85FA451EE9DAFD002F84BD /* PBXTargetDependency */ = {
			isa = PBXTargetDependency;
			name = Additions;
			targetProxy = 1A85FA441EE9DAFD002F84BD /* PBXContainerItemProxy */;
		};
/* End PBXTargetDependency section */

/* Begin PBXVariantGroup section */
		1A568BFE1EE8602C00336FE1 /* Main.storyboard */ = {
			isa = PBXVariantGroup;
			children = (
				1A568BFF1EE8602C00336FE1 /* Base */,
			);
			name = Main.storyboard;
			sourceTree = "<group>";
		};
		1A568C031EE8602C00336FE1 /* LaunchScreen.storyboard */ = {
			isa = PBXVariantGroup;
			children = (
				1A568C041EE8602C00336FE1 /* Base */,
			);
			name = LaunchScreen.storyboard;
			sourceTree = "<group>";
		};
/* End PBXVariantGroup section */

/* Begin XCBuildConfiguration section */
		1A568C1D1EE8602C00336FE1 /* Debug */ = {
			isa = XCBuildConfiguration;
			buildSettings = {
				ALWAYS_SEARCH_USER_PATHS = NO;
				CLANG_ANALYZER_NONNULL = YES;
				CLANG_ANALYZER_NUMBER_OBJECT_CONVERSION = YES_AGGRESSIVE;
				CLANG_CXX_LANGUAGE_STANDARD = "gnu++14";
				CLANG_CXX_LIBRARY = "libc++";
				CLANG_ENABLE_MODULES = YES;
				CLANG_ENABLE_OBJC_ARC = YES;
				CLANG_WARN_BLOCK_CAPTURE_AUTORELEASING = YES;
				CLANG_WARN_BOOL_CONVERSION = YES;
				CLANG_WARN_COMMA = YES;
				CLANG_WARN_CONSTANT_CONVERSION = YES;
				CLANG_WARN_DEPRECATED_OBJC_IMPLEMENTATIONS = YES;
				CLANG_WARN_DIRECT_OBJC_ISA_USAGE = YES_ERROR;
				CLANG_WARN_DOCUMENTATION_COMMENTS = YES;
				CLANG_WARN_EMPTY_BODY = YES;
				CLANG_WARN_ENUM_CONVERSION = YES;
				CLANG_WARN_INFINITE_RECURSION = YES;
				CLANG_WARN_INT_CONVERSION = YES;
				CLANG_WARN_NON_LITERAL_NULL_CONVERSION = YES;
				CLANG_WARN_OBJC_IMPLICIT_RETAIN_SELF = YES;
				CLANG_WARN_OBJC_LITERAL_CONVERSION = YES;
				CLANG_WARN_OBJC_ROOT_CLASS = YES_ERROR;
				CLANG_WARN_RANGE_LOOP_ANALYSIS = YES;
				CLANG_WARN_STRICT_PROTOTYPES = YES;
				CLANG_WARN_SUSPICIOUS_MOVE = YES;
				CLANG_WARN_UNGUARDED_AVAILABILITY = YES_AGGRESSIVE;
				CLANG_WARN_UNREACHABLE_CODE = YES;
				CLANG_WARN__DUPLICATE_METHOD_MATCH = YES;
				CODE_SIGN_IDENTITY = "iPhone Developer";
				COPY_PHASE_STRIP = NO;
				DEBUG_INFORMATION_FORMAT = dwarf;
				ENABLE_STRICT_OBJC_MSGSEND = YES;
				ENABLE_TESTABILITY = YES;
				GCC_C_LANGUAGE_STANDARD = gnu11;
				GCC_DYNAMIC_NO_PIC = NO;
				GCC_NO_COMMON_BLOCKS = YES;
				GCC_OPTIMIZATION_LEVEL = 0;
				GCC_PREPROCESSOR_DEFINITIONS = (
					"DEBUG=1",
					"$(inherited)",
				);
				GCC_WARN_64_TO_32_BIT_CONVERSION = YES;
				GCC_WARN_ABOUT_RETURN_TYPE = YES_ERROR;
				GCC_WARN_UNDECLARED_SELECTOR = YES;
				GCC_WARN_UNINITIALIZED_AUTOS = YES_AGGRESSIVE;
				GCC_WARN_UNUSED_FUNCTION = YES;
				GCC_WARN_UNUSED_VARIABLE = YES;
				IPHONEOS_DEPLOYMENT_TARGET = 11.0;
				MTL_ENABLE_DEBUG_INFO = YES;
				ONLY_ACTIVE_ARCH = YES;
				SDKROOT = iphoneos;
				SWIFT_ACTIVE_COMPILATION_CONDITIONS = DEBUG;
				SWIFT_OPTIMIZATION_LEVEL = "-Onone";
			};
			name = Debug;
		};
		1A568C1E1EE8602C00336FE1 /* Release */ = {
			isa = XCBuildConfiguration;
			buildSettings = {
				ALWAYS_SEARCH_USER_PATHS = NO;
				CLANG_ANALYZER_NONNULL = YES;
				CLANG_ANALYZER_NUMBER_OBJECT_CONVERSION = YES_AGGRESSIVE;
				CLANG_CXX_LANGUAGE_STANDARD = "gnu++14";
				CLANG_CXX_LIBRARY = "libc++";
				CLANG_ENABLE_MODULES = YES;
				CLANG_ENABLE_OBJC_ARC = YES;
				CLANG_WARN_BLOCK_CAPTURE_AUTORELEASING = YES;
				CLANG_WARN_BOOL_CONVERSION = YES;
				CLANG_WARN_COMMA = YES;
				CLANG_WARN_CONSTANT_CONVERSION = YES;
				CLANG_WARN_DEPRECATED_OBJC_IMPLEMENTATIONS = YES;
				CLANG_WARN_DIRECT_OBJC_ISA_USAGE = YES_ERROR;
				CLANG_WARN_DOCUMENTATION_COMMENTS = YES;
				CLANG_WARN_EMPTY_BODY = YES;
				CLANG_WARN_ENUM_CONVERSION = YES;
				CLANG_WARN_INFINITE_RECURSION = YES;
				CLANG_WARN_INT_CONVERSION = YES;
				CLANG_WARN_NON_LITERAL_NULL_CONVERSION = YES;
				CLANG_WARN_OBJC_IMPLICIT_RETAIN_SELF = YES;
				CLANG_WARN_OBJC_LITERAL_CONVERSION = YES;
				CLANG_WARN_OBJC_ROOT_CLASS = YES_ERROR;
				CLANG_WARN_RANGE_LOOP_ANALYSIS = YES;
				CLANG_WARN_STRICT_PROTOTYPES = YES;
				CLANG_WARN_SUSPICIOUS_MOVE = YES;
				CLANG_WARN_UNGUARDED_AVAILABILITY = YES_AGGRESSIVE;
				CLANG_WARN_UNREACHABLE_CODE = YES;
				CLANG_WARN__DUPLICATE_METHOD_MATCH = YES;
				CODE_SIGN_IDENTITY = "iPhone Developer";
				COPY_PHASE_STRIP = NO;
				DEBUG_INFORMATION_FORMAT = "dwarf-with-dsym";
				ENABLE_NS_ASSERTIONS = NO;
				ENABLE_STRICT_OBJC_MSGSEND = YES;
				GCC_C_LANGUAGE_STANDARD = gnu11;
				GCC_NO_COMMON_BLOCKS = YES;
				GCC_WARN_64_TO_32_BIT_CONVERSION = YES;
				GCC_WARN_ABOUT_RETURN_TYPE = YES_ERROR;
				GCC_WARN_UNDECLARED_SELECTOR = YES;
				GCC_WARN_UNINITIALIZED_AUTOS = YES_AGGRESSIVE;
				GCC_WARN_UNUSED_FUNCTION = YES;
				GCC_WARN_UNUSED_VARIABLE = YES;
				IPHONEOS_DEPLOYMENT_TARGET = 11.0;
				MTL_ENABLE_DEBUG_INFO = NO;
				SDKROOT = iphoneos;
				SWIFT_OPTIMIZATION_LEVEL = "-Owholemodule";
				VALIDATE_PRODUCT = YES;
			};
			name = Release;
		};
		1A568C201EE8602C00336FE1 /* Debug */ = {
			isa = XCBuildConfiguration;
			buildSettings = {
				ALWAYS_EMBED_SWIFT_STANDARD_LIBRARIES = YES;
				ASSETCATALOG_COMPILER_APPICON_NAME = AppIcon;
				DEVELOPMENT_TEAM = VKFDYMU9HJ;
				INFOPLIST_FILE = Downloads/Info.plist;
				IPHONEOS_DEPLOYMENT_TARGET = 9.3;
				LD_RUNPATH_SEARCH_PATHS = "$(inherited) @executable_path/Frameworks";
				PRODUCT_BUNDLE_IDENTIFIER = James.Downloads;
				PRODUCT_NAME = "$(TARGET_NAME)";
				SWIFT_VERSION = 4.2;
				TARGETED_DEVICE_FAMILY = "1,2";
			};
			name = Debug;
		};
		1A568C211EE8602C00336FE1 /* Release */ = {
			isa = XCBuildConfiguration;
			buildSettings = {
				ALWAYS_EMBED_SWIFT_STANDARD_LIBRARIES = YES;
				ASSETCATALOG_COMPILER_APPICON_NAME = AppIcon;
				DEVELOPMENT_TEAM = VKFDYMU9HJ;
				INFOPLIST_FILE = Downloads/Info.plist;
				IPHONEOS_DEPLOYMENT_TARGET = 9.3;
				LD_RUNPATH_SEARCH_PATHS = "$(inherited) @executable_path/Frameworks";
				PRODUCT_BUNDLE_IDENTIFIER = James.Downloads;
				PRODUCT_NAME = "$(TARGET_NAME)";
				SWIFT_VERSION = 4.2;
				TARGETED_DEVICE_FAMILY = "1,2";
			};
			name = Release;
		};
		1A568C231EE8602C00336FE1 /* Debug */ = {
			isa = XCBuildConfiguration;
			buildSettings = {
				ALWAYS_EMBED_SWIFT_STANDARD_LIBRARIES = YES;
				BUNDLE_LOADER = "$(TEST_HOST)";
				DEVELOPMENT_TEAM = VKFDYMU9HJ;
				INFOPLIST_FILE = DownloadsTests/Info.plist;
				LD_RUNPATH_SEARCH_PATHS = "$(inherited) @executable_path/Frameworks @loader_path/Frameworks";
				PRODUCT_BUNDLE_IDENTIFIER = James.DownloadsTests;
				PRODUCT_NAME = "$(TARGET_NAME)";
				SWIFT_VERSION = 4.0;
				TARGETED_DEVICE_FAMILY = "1,2";
				TEST_HOST = "$(BUILT_PRODUCTS_DIR)/Downloads.app/Downloads";
			};
			name = Debug;
		};
		1A568C241EE8602C00336FE1 /* Release */ = {
			isa = XCBuildConfiguration;
			buildSettings = {
				ALWAYS_EMBED_SWIFT_STANDARD_LIBRARIES = YES;
				BUNDLE_LOADER = "$(TEST_HOST)";
				DEVELOPMENT_TEAM = VKFDYMU9HJ;
				INFOPLIST_FILE = DownloadsTests/Info.plist;
				LD_RUNPATH_SEARCH_PATHS = "$(inherited) @executable_path/Frameworks @loader_path/Frameworks";
				PRODUCT_BUNDLE_IDENTIFIER = James.DownloadsTests;
				PRODUCT_NAME = "$(TARGET_NAME)";
				SWIFT_VERSION = 4.0;
				TARGETED_DEVICE_FAMILY = "1,2";
				TEST_HOST = "$(BUILT_PRODUCTS_DIR)/Downloads.app/Downloads";
			};
			name = Release;
		};
		1A568C261EE8602C00336FE1 /* Debug */ = {
			isa = XCBuildConfiguration;
			buildSettings = {
				ALWAYS_EMBED_SWIFT_STANDARD_LIBRARIES = YES;
				DEVELOPMENT_TEAM = VKFDYMU9HJ;
				INFOPLIST_FILE = DownloadsUITests/Info.plist;
				LD_RUNPATH_SEARCH_PATHS = "$(inherited) @executable_path/Frameworks @loader_path/Frameworks";
				PRODUCT_BUNDLE_IDENTIFIER = James.DownloadsUITests;
				PRODUCT_NAME = "$(TARGET_NAME)";
				SWIFT_VERSION = 4.0;
				TARGETED_DEVICE_FAMILY = "1,2";
				TEST_TARGET_NAME = Downloads;
			};
			name = Debug;
		};
		1A568C271EE8602C00336FE1 /* Release */ = {
			isa = XCBuildConfiguration;
			buildSettings = {
				ALWAYS_EMBED_SWIFT_STANDARD_LIBRARIES = YES;
				DEVELOPMENT_TEAM = VKFDYMU9HJ;
				INFOPLIST_FILE = DownloadsUITests/Info.plist;
				LD_RUNPATH_SEARCH_PATHS = "$(inherited) @executable_path/Frameworks @loader_path/Frameworks";
				PRODUCT_BUNDLE_IDENTIFIER = James.DownloadsUITests;
				PRODUCT_NAME = "$(TARGET_NAME)";
				SWIFT_VERSION = 4.0;
				TARGETED_DEVICE_FAMILY = "1,2";
				TEST_TARGET_NAME = Downloads;
			};
			name = Release;
		};
		1A75A3A81EF44E0A002B9663 /* Debug */ = {
			isa = XCBuildConfiguration;
			buildSettings = {
				ASSETCATALOG_COMPILER_APPICON_NAME = ExtensionIcon;
				DEVELOPMENT_TEAM = VKFDYMU9HJ;
				INFOPLIST_FILE = Download/Info.plist;
				IPHONEOS_DEPLOYMENT_TARGET = 9.3;
				LD_RUNPATH_SEARCH_PATHS = "$(inherited) @executable_path/Frameworks @executable_path/../../Frameworks";
				PRODUCT_BUNDLE_IDENTIFIER = James.Downloads.Download;
				PRODUCT_NAME = "$(TARGET_NAME)";
				SKIP_INSTALL = YES;
				SWIFT_VERSION = 4.2;
				TARGETED_DEVICE_FAMILY = "1,2";
			};
			name = Debug;
		};
		1A75A3A91EF44E0A002B9663 /* Release */ = {
			isa = XCBuildConfiguration;
			buildSettings = {
				ASSETCATALOG_COMPILER_APPICON_NAME = ExtensionIcon;
				DEVELOPMENT_TEAM = VKFDYMU9HJ;
				INFOPLIST_FILE = Download/Info.plist;
				IPHONEOS_DEPLOYMENT_TARGET = 9.3;
				LD_RUNPATH_SEARCH_PATHS = "$(inherited) @executable_path/Frameworks @executable_path/../../Frameworks";
				PRODUCT_BUNDLE_IDENTIFIER = James.Downloads.Download;
				PRODUCT_NAME = "$(TARGET_NAME)";
				SKIP_INSTALL = YES;
				SWIFT_VERSION = 4.2;
				TARGETED_DEVICE_FAMILY = "1,2";
			};
			name = Release;
		};
/* End XCBuildConfiguration section */

/* Begin XCConfigurationList section */
		1A568BF21EE8602C00336FE1 /* Build configuration list for PBXProject "Downloads" */ = {
			isa = XCConfigurationList;
			buildConfigurations = (
				1A568C1D1EE8602C00336FE1 /* Debug */,
				1A568C1E1EE8602C00336FE1 /* Release */,
			);
			defaultConfigurationIsVisible = 0;
			defaultConfigurationName = Release;
		};
		1A568C1F1EE8602C00336FE1 /* Build configuration list for PBXNativeTarget "Downloads" */ = {
			isa = XCConfigurationList;
			buildConfigurations = (
				1A568C201EE8602C00336FE1 /* Debug */,
				1A568C211EE8602C00336FE1 /* Release */,
			);
			defaultConfigurationIsVisible = 0;
			defaultConfigurationName = Release;
		};
		1A568C221EE8602C00336FE1 /* Build configuration list for PBXNativeTarget "DownloadsTests" */ = {
			isa = XCConfigurationList;
			buildConfigurations = (
				1A568C231EE8602C00336FE1 /* Debug */,
				1A568C241EE8602C00336FE1 /* Release */,
			);
			defaultConfigurationIsVisible = 0;
			defaultConfigurationName = Release;
		};
		1A568C251EE8602C00336FE1 /* Build configuration list for PBXNativeTarget "DownloadsUITests" */ = {
			isa = XCConfigurationList;
			buildConfigurations = (
				1A568C261EE8602C00336FE1 /* Debug */,
				1A568C271EE8602C00336FE1 /* Release */,
			);
			defaultConfigurationIsVisible = 0;
			defaultConfigurationName = Release;
		};
		1A75A3A71EF44E0A002B9663 /* Build configuration list for PBXNativeTarget "Download" */ = {
			isa = XCConfigurationList;
			buildConfigurations = (
				1A75A3A81EF44E0A002B9663 /* Debug */,
				1A75A3A91EF44E0A002B9663 /* Release */,
			);
			defaultConfigurationIsVisible = 0;
			defaultConfigurationName = Release;
		};
/* End XCConfigurationList section */
	};
	rootObject = 1A568BEF1EE8602C00336FE1 /* Project object */;
}
